
Microsoft Visual Studio Solution File, Format Version 12.00
# Visual Studio Version 16
VisualStudioVersion = 16.0.31729.503
MinimumVisualStudioVersion = 10.0.40219.1
Project("{FAE04EC0-301F-11D3-BF4B-00C04F79EFBC}") = "WPF_LottieAnimation_Demo", "WPF_LottieAnimation_Demo\WPF_LottieAnimation_Demo.csproj", "{9B2FB648-91D1-43D8-9D28-AFFCB9CA055C}"
EndProject
Global
	GlobalSection(SolutionConfigurationPlatforms) = preSolution
		Debug|Any CPU = Debug|Any CPU
		Release|Any CPU = Release|Any CPU
	EndGlobalSection
	GlobalSection(ProjectConfigurationPlatforms) = postSolution
		{9B2FB648-91D1-43D8-9D28-AFFCB9CA055C}.Debug|Any CPU.ActiveCfg = Debug|Any CPU
		{9B2FB648-91D1-43D8-9D28-AFFCB9CA055C}.Debug|Any CPU.Build.0 = Debug|Any CPU
		{9B2FB648-91D1-43D8-9D28-AFFCB9CA055C}.Release|Any CPU.ActiveCfg = Release|Any CPU
		{9B2FB648-91D1-43D8-9D28-AFFCB9CA055C}.Release|Any CPU.Build.0 = Release|Any CPU
	EndGlobalSection
	GlobalSection(SolutionProperties) = preSolution
		HideSolutionNode = FALSE
	EndGlobalSection
	GlobalSection(ExtensibilityGlobals) = postSolution
		SolutionGuid = {F9515020-1199-4D70-B3A8-929D76FD23B7}
	EndGlobalSection
EndGlobal
